// !$*UTF8*$!
{
	archiveVersion = 1;
	classes = {
	};
	objectVersion = 46;
	objects = {

/* Begin PBXBuildFile section */
		A21E012D1A0573D300F7954C /* AppDelegate.swift in Sources */ = {isa = PBXBuildFile; fileRef = A21E012C1A0573D300F7954C /* AppDelegate.swift */; };
		A21E012F1A0573D300F7954C /* ViewController.swift in Sources */ = {isa = PBXBuildFile; fileRef = A21E012E1A0573D300F7954C /* ViewController.swift */; };
		A21E01321A0573D300F7954C /* Main.storyboard in Resources */ = {isa = PBXBuildFile; fileRef = A21E01301A0573D300F7954C /* Main.storyboard */; };
		A21E01341A0573D300F7954C /* Images.xcassets in Resources */ = {isa = PBXBuildFile; fileRef = A21E01331A0573D300F7954C /* Images.xcassets */; };
		A21E01371A0573D300F7954C /* LaunchScreen.xib in Resources */ = {isa = PBXBuildFile; fileRef = A21E01351A0573D300F7954C /* LaunchScreen.xib */; };
		A21E01431A0573D300F7954C /* PostcardTests.swift in Sources */ = {isa = PBXBuildFile; fileRef = A21E01421A0573D300F7954C /* PostcardTests.swift */; };
		A21E014D1A05798F00F7954C /* SagradaFamilia.jpeg in Resources */ = {isa = PBXBuildFile; fileRef = A21E014C1A05798F00F7954C /* SagradaFamilia.jpeg */; };
		A21E014F1A057C1200F7954C /* AlbertEinsteinStamp.jpg in Resources */ = {isa = PBXBuildFile; fileRef = A21E014E1A057C1200F7954C /* AlbertEinsteinStamp.jpg */; };
/* End PBXBuildFile section */

/* Begin PBXContainerItemProxy section */
		A21E013D1A0573D300F7954C /* PBXContainerItemProxy */ = {
			isa = PBXContainerItemProxy;
			containerPortal = A21E011F1A0573D300F7954C /* Project object */;
			proxyType = 1;
			remoteGlobalIDString = A21E01261A0573D300F7954C;
			remoteInfo = Postcard;
		};
/* End PBXContainerItemProxy section */

/* Begin PBXFileReference section */
		A21E01271A0573D300F7954C /* Postcard.app */ = {isa = PBXFileReference; explicitFileType = wrapper.application; includeInIndex = 0; path = Postcard.app; sourceTree = BUILT_PRODUCTS_DIR; };
		A21E012B1A0573D300F7954C /* Info.plist */ = {isa = PBXFileReference; lastKnownFileType = text.plist.xml; path = Info.plist; sourceTree = "<group>"; };
		A21E012C1A0573D300F7954C /* AppDelegate.swift */ = {isa = PBXFileReference; lastKnownFileType = sourcecode.swift; path = AppDelegate.swift; sourceTree = "<group>"; };
		A21E012E1A0573D300F7954C /* ViewController.swift */ = {isa = PBXFileReference; lastKnownFileType = sourcecode.swift; path = ViewController.swift; sourceTree = "<group>"; };
		A21E01311A0573D300F7954C /* Base */ = {isa = PBXFileReference; lastKnownFileType = file.storyboard; name = Base; path = Base.lproj/Main.storyboard; sourceTree = "<group>"; };
		A21E01331A0573D300F7954C /* Images.xcassets */ = {isa = PBXFileReference; lastKnownFileType = folder.assetcatalog; path = Images.xcassets; sourceTree = "<group>"; };
		A21E01361A0573D300F7954C /* Base */ = {isa = PBXFileReference; lastKnownFileType = file.xib; name = Base; path = Base.lproj/LaunchScreen.xib; sourceTree = "<group>"; };
		A21E013C1A0573D300F7954C /* PostcardTests.xctest */ = {isa = PBXFileReference; explicitFileType = wrapper.cfbundle; includeInIndex = 0; path = PostcardTests.xctest; sourceTree = BUILT_PRODUCTS_DIR; };
		A21E01411A0573D300F7954C /* Info.plist */ = {isa = PBXFileReference; lastKnownFileType = text.plist.xml; path = Info.plist; sourceTree = "<group>"; };
		A21E01421A0573D300F7954C /* PostcardTests.swift */ = {isa = PBXFileReference; lastKnownFileType = sourcecode.swift; path = PostcardTests.swift; sourceTree = "<group>"; };
		A21E014C1A05798F00F7954C /* SagradaFamilia.jpeg */ = {isa = PBXFileReference; lastKnownFileType = image.jpeg; path = SagradaFamilia.jpeg; sourceTree = "<group>"; };
		A21E014E1A057C1200F7954C /* AlbertEinsteinStamp.jpg */ = {isa = PBXFileReference; lastKnownFileType = image.jpeg; path = AlbertEinsteinStamp.jpg; sourceTree = "<group>"; };
/* End PBXFileReference section */

/* Begin PBXFrameworksBuildPhase section */
		A21E01241A0573D300F7954C /* Frameworks */ = {
			isa = PBXFrameworksBuildPhase;
			buildActionMask = 2147483647;
			files = (
			);
			runOnlyForDeploymentPostprocessing = 0;
		};
		A21E01391A0573D300F7954C /* Frameworks */ = {
			isa = PBXFrameworksBuildPhase;
			buildActionMask = 2147483647;
			files = (
			);
			runOnlyForDeploymentPostprocessing = 0;
		};
/* End PBXFrameworksBuildPhase section */

/* Begin PBXGroup section */
		A21E011E1A0573D300F7954C = {
			isa = PBXGroup;
			children = (
				A21E01291A0573D300F7954C /* Postcard */,
				A21E013F1A0573D300F7954C /* PostcardTests */,
				A21E01281A0573D300F7954C /* Products */,
			);
			sourceTree = "<group>";
		};
		A21E01281A0573D300F7954C /* Products */ = {
			isa = PBXGroup;
			children = (
				A21E01271A0573D300F7954C /* Postcard.app */,
				A21E013C1A0573D300F7954C /* PostcardTests.xctest */,
			);
			name = Products;
			sourceTree = "<group>";
		};
		A21E01291A0573D300F7954C /* Postcard */ = {
			isa = PBXGroup;
			children = (
				A21E012C1A0573D300F7954C /* AppDelegate.swift */,
				A21E012E1A0573D300F7954C /* ViewController.swift */,
				A21E01301A0573D300F7954C /* Main.storyboard */,
				A21E01331A0573D300F7954C /* Images.xcassets */,
				A21E01351A0573D300F7954C /* LaunchScreen.xib */,
				A21E012A1A0573D300F7954C /* Supporting Files */,
			);
			path = Postcard;
			sourceTree = "<group>";
		};
		A21E012A1A0573D300F7954C /* Supporting Files */ = {
			isa = PBXGroup;
			children = (
				A21E014E1A057C1200F7954C /* AlbertEinsteinStamp.jpg */,
				A21E014C1A05798F00F7954C /* SagradaFamilia.jpeg */,
				A21E012B1A0573D300F7954C /* Info.plist */,
			);
			name = "Supporting Files";
			sourceTree = "<group>";
		};
		A21E013F1A0573D300F7954C /* PostcardTests */ = {
			isa = PBXGroup;
			children = (
				A21E01421A0573D300F7954C /* PostcardTests.swift */,
				A21E01401A0573D300F7954C /* Supporting Files */,
			);
			path = PostcardTests;
			sourceTree = "<group>";
		};
		A21E01401A0573D300F7954C /* Supporting Files */ = {
			isa = PBXGroup;
			children = (
				A21E01411A0573D300F7954C /* Info.plist */,
			);
			name = "Supporting Files";
			sourceTree = "<group>";
		};
/* End PBXGroup section */

/* Begin PBXNativeTarget section */
		A21E01261A0573D300F7954C /* Postcard */ = {
			isa = PBXNativeTarget;
			buildConfigurationList = A21E01461A0573D300F7954C /* Build configuration list for PBXNativeTarget "Postcard" */;
			buildPhases = (
				A21E01231A0573D300F7954C /* Sources */,
				A21E01241A0573D300F7954C /* Frameworks */,
				A21E01251A0573D300F7954C /* Resources */,
			);
			buildRules = (
			);
			dependencies = (
			);
			name = Postcard;
			productName = Postcard;
			productReference = A21E01271A0573D300F7954C /* Postcard.app */;
			productType = "com.apple.product-type.application";
		};
		A21E013B1A0573D300F7954C /* PostcardTests */ = {
			isa = PBXNativeTarget;
			buildConfigurationList = A21E01491A0573D300F7954C /* Build configuration list for PBXNativeTarget "PostcardTests" */;
			buildPhases = (
				A21E01381A0573D300F7954C /* Sources */,
				A21E01391A0573D300F7954C /* Frameworks */,
				A21E013A1A0573D300F7954C /* Resources */,
			);
			buildRules = (
			);
			dependencies = (
				A21E013E1A0573D300F7954C /* PBXTargetDependency */,
			);
			name = PostcardTests;
			productName = PostcardTests;
			productReference = A21E013C1A0573D300F7954C /* PostcardTests.xctest */;
			productType = "com.apple.product-type.bundle.unit-test";
		};
/* End PBXNativeTarget section */

/* Begin PBXProject section */
		A21E011F1A0573D300F7954C /* Project object */ = {
			isa = PBXProject;
			attributes = {
				LastUpgradeCheck = 0610;
				ORGANIZATIONNAME = "Sira Sasitorn";
				TargetAttributes = {
					A21E01261A0573D300F7954C = {
						CreatedOnToolsVersion = 6.1;
					};
					A21E013B1A0573D300F7954C = {
						CreatedOnToolsVersion = 6.1;
						TestTargetID = A21E01261A0573D300F7954C;
					};
				};
			};
			buildConfigurationList = A21E01221A0573D300F7954C /* Build configuration list for PBXProject "Postcard" */;
			compatibilityVersion = "Xcode 3.2";
			developmentRegion = English;
			hasScannedForEncodings = 0;
			knownRegions = (
				en,
				Base,
			);
			mainGroup = A21E011E1A0573D300F7954C;
			productRefGroup = A21E01281A0573D300F7954C /* Products */;
			projectDirPath = "";
			projectRoot = "";
			targets = (
				A21E01261A0573D300F7954C /* Postcard */,
				A21E013B1A0573D300F7954C /* PostcardTests */,
			);
		};
/* End PBXProject section */

/* Begin PBXResourcesBuildPhase section */
		A21E01251A0573D300F7954C /* Resources */ = {
			isa = PBXResourcesBuildPhase;
			buildActionMask = 2147483647;
			files = (
				A21E01321A0573D300F7954C /* Main.storyboard in Resources */,
				A21E014D1A05798F00F7954C /* SagradaFamilia.jpeg in Resources */,
				A21E014F1A057C1200F7954C /* AlbertEinsteinStamp.jpg in Resources */,
				A21E01371A0573D300F7954C /* LaunchScreen.xib in Resources */,
				A21E01341A0573D300F7954C /* Images.xcassets in Resources */,
			);
			runOnlyForDeploymentPostprocessing = 0;
		};
		A21E013A1A0573D300F7954C /* Resources */ = {
			isa = PBXResourcesBuildPhase;
			buildActionMask = 2147483647;
			files = (
			);
			runOnlyForDeploymentPostprocessing = 0;
		};
/* End PBXResourcesBuildPhase section */

/* Begin PBXSourcesBuildPhase section */
		A21E01231A0573D300F7954C /* Sources */ = {
			isa = PBXSourcesBuildPhase;
			buildActionMask = 2147483647;
			files = (
				A21E012F1A0573D300F7954C /* ViewController.swift in Sources */,
				A21E012D1A0573D300F7954C /* AppDelegate.swift in Sources */,
			);
			runOnlyForDeploymentPostprocessing = 0;
		};
		A21E01381A0573D300F7954C /* Sources */ = {
			isa = PBXSourcesBuildPhase;
			buildActionMask = 2147483647;
			files = (
				A21E01431A0573D300F7954C /* PostcardTests.swift in Sources */,
			);
			runOnlyForDeploymentPostprocessing = 0;
		};
/* End PBXSourcesBuildPhase section */

/* Begin PBXTargetDependency section */
		A21E013E1A0573D300F7954C /* PBXTargetDependency */ = {
			isa = PBXTargetDependency;
			target = A21E01261A0573D300F7954C /* Postcard */;
			targetProxy = A21E013D1A0573D300F7954C /* PBXContainerItemProxy */;
		};
/* End PBXTargetDependency section */

/* Begin PBXVariantGroup section */
		A21E01301A0573D300F7954C /* Main.storyboard */ = {
			isa = PBXVariantGroup;
			children = (
				A21E01311A0573D300F7954C /* Base */,
			);
			name = Main.storyboard;
			sourceTree = "<group>";
		};
		A21E01351A0573D300F7954C /* LaunchScreen.xib */ = {
			isa = PBXVariantGroup;
			children = (
				A21E01361A0573D300F7954C /* Base */,
			);
			name = LaunchScreen.xib;
			sourceTree = "<group>";
		};
/* End PBXVariantGroup section */

/* Begin XCBuildConfiguration section */
		A21E01441A0573D300F7954C /* Debug */ = {
			isa = XCBuildConfiguration;
			buildSettings = {
				ALWAYS_SEARCH_USER_PATHS = NO;
				CLANG_CXX_LANGUAGE_STANDARD = "gnu++0x";
				CLANG_CXX_LIBRARY = "libc++";
				CLANG_ENABLE_MODULES = YES;
				CLANG_ENABLE_OBJC_ARC = YES;
				CLANG_WARN_BOOL_CONVERSION = YES;
				CLANG_WARN_CONSTANT_CONVERSION = YES;
				CLANG_WARN_DIRECT_OBJC_ISA_USAGE = YES_ERROR;
				CLANG_WARN_EMPTY_BODY = YES;
				CLANG_WARN_ENUM_CONVERSION = YES;
				CLANG_WARN_INT_CONVERSION = YES;
				CLANG_WARN_OBJC_ROOT_CLASS = YES_ERROR;
				CLANG_WARN_UNREACHABLE_CODE = YES;
				CLANG_WARN__DUPLICATE_METHOD_MATCH = YES;
				"CODE_SIGN_IDENTITY[sdk=iphoneos*]" = "iPhone Developer";
				COPY_PHASE_STRIP = NO;
				ENABLE_STRICT_OBJC_MSGSEND = YES;
				GCC_C_LANGUAGE_STANDARD = gnu99;
				GCC_DYNAMIC_NO_PIC = NO;
				GCC_OPTIMIZATION_LEVEL = 0;
				GCC_PREPROCESSOR_DEFINITIONS = (
					"DEBUG=1",
					"$(inherited)",
				);
				GCC_SYMBOLS_PRIVATE_EXTERN = NO;
				GCC_WARN_64_TO_32_BIT_CONVERSION = YES;
				GCC_WARN_ABOUT_RETURN_TYPE = YES_ERROR;
				GCC_WARN_UNDECLARED_SELECTOR = YES;
				GCC_WARN_UNINITIALIZED_AUTOS = YES_AGGRESSIVE;
				GCC_WARN_UNUSED_FUNCTION = YES;
				GCC_WARN_UNUSED_VARIABLE = YES;
				IPHONEOS_DEPLOYMENT_TARGET = 8.1;
				MTL_ENABLE_DEBUG_INFO = YES;
				ONLY_ACTIVE_ARCH = YES;
				SDKROOT = iphoneos;
				SWIFT_OPTIMIZATION_LEVEL = "-Onone";
				TARGETED_DEVICE_FAMILY = "1,2";
			};
			name = Debug;
		};
		A21E01451A0573D300F7954C /* Release */ = {
			isa = XCBuildConfiguration;
			buildSettings = {
				ALWAYS_SEARCH_USER_PATHS = NO;
				CLANG_CXX_LANGUAGE_STANDARD = "gnu++0x";
				CLANG_CXX_LIBRARY = "libc++";
				CLANG_ENABLE_MODULES = YES;
				CLANG_ENABLE_OBJC_ARC = YES;
				CLANG_WARN_BOOL_CONVERSION = YES;
				CLANG_WARN_CONSTANT_CONVERSION = YES;
				CLANG_WARN_DIRECT_OBJC_ISA_USAGE = YES_ERROR;
				CLANG_WARN_EMPTY_BODY = YES;
				CLANG_WARN_ENUM_CONVERSION = YES;
				CLANG_WARN_INT_CONVERSION = YES;
				CLANG_WARN_OBJC_ROOT_CLASS = YES_ERROR;
				CLANG_WARN_UNREACHABLE_CODE = YES;
				CLANG_WARN__DUPLICATE_METHOD_MATCH = YES;
				"CODE_SIGN_IDENTITY[sdk=iphoneos*]" = "iPhone Developer";
				COPY_PHASE_STRIP = YES;
				ENABLE_NS_ASSERTIONS = NO;
				ENABLE_STRICT_OBJC_MSGSEND = YES;
				GCC_C_LANGUAGE_STANDARD = gnu99;
				GCC_WARN_64_TO_32_BIT_CONVERSION = YES;
				GCC_WARN_ABOUT_RETURN_TYPE = YES_ERROR;
				GCC_WARN_UNDECLARED_SELECTOR = YES;
				GCC_WARN_UNINITIALIZED_AUTOS = YES_AGGRESSIVE;
				GCC_WARN_UNUSED_FUNCTION = YES;
				GCC_WARN_UNUSED_VARIABLE = YES;
				IPHONEOS_DEPLOYMENT_TARGET = 8.1;
				MTL_ENABLE_DEBUG_INFO = NO;
				SDKROOT = iphoneos;
				TARGETED_DEVICE_FAMILY = "1,2";
				VALIDATE_PRODUCT = YES;
			};
			name = Release;
		};
		A21E01471A0573D300F7954C /* Debug */ = {
			isa = XCBuildConfiguration;
			buildSettings = {
				ASSETCATALOG_COMPILER_APPICON_NAME = AppIcon;
				INFOPLIST_FILE = Postcard/Info.plist;
				LD_RUNPATH_SEARCH_PATHS = "$(inherited) @executable_path/Frameworks";
				PRODUCT_NAME = "$(TARGET_NAME)";
			};
			name = Debug;
		};
		A21E01481A0573D300F7954C /* Release */ = {
			isa = XCBuildConfiguration;
			buildSettings = {
				ASSETCATALOG_COMPILER_APPICON_NAME = AppIcon;
				INFOPLIST_FILE = Postcard/Info.plist;
				LD_RUNPATH_SEARCH_PATHS = "$(inherited) @executable_path/Frameworks";
				PRODUCT_NAME = "$(TARGET_NAME)";
			};
			name = Release;
		};
		A21E014A1A0573D300F7954C /* Debug */ = {
			isa = XCBuildConfiguration;
			buildSettings = {
				BUNDLE_LOADER = "$(TEST_HOST)";
				FRAMEWORK_SEARCH_PATHS = (
					"$(SDKROOT)/Developer/Library/Frameworks",
					"$(inherited)",
				);
				GCC_PREPROCESSOR_DEFINITIONS = (
					"DEBUG=1",
					"$(inherited)",
				);
				INFOPLIST_FILE = PostcardTests/Info.plist;
				LD_RUNPATH_SEARCH_PATHS = "$(inherited) @executable_path/Frameworks @loader_path/Frameworks";
				PRODUCT_NAME = "$(TARGET_NAME)";
				TEST_HOST = "$(BUILT_PRODUCTS_DIR)/Postcard.app/Postcard";
			};
			name = Debug;
		};
		A21E014B1A0573D300F7954C /* Release */ = {
			isa = XCBuildConfiguration;
			buildSettings = {
				BUNDLE_LOADER = "$(TEST_HOST)";
				FRAMEWORK_SEARCH_PATHS = (
					"$(SDKROOT)/Developer/Library/Frameworks",
					"$(inherited)",
				);
				INFOPLIST_FILE = PostcardTests/Info.plist;
				LD_RUNPATH_SEARCH_PATHS = "$(inherited) @executable_path/Frameworks @loader_path/Frameworks";
				PRODUCT_NAME = "$(TARGET_NAME)";
				TEST_HOST = "$(BUILT_PRODUCTS_DIR)/Postcard.app/Postcard";
			};
			name = Release;
		};
/* End XCBuildConfiguration section */

/* Begin XCConfigurationList section */
		A21E01221A0573D300F7954C /* Build configuration list for PBXProject "Postcard" */ = {
			isa = XCConfigurationList;
			buildConfigurations = (
				A21E01441A0573D300F7954C /* Debug */,
				A21E01451A0573D300F7954C /* Release */,
			);
			defaultConfigurationIsVisible = 0;
			defaultConfigurationName = Release;
		};
		A21E01461A0573D300F7954C /* Build configuration list for PBXNativeTarget "Postcard" */ = {
			isa = XCConfigurationList;
			buildConfigurations = (
				A21E01471A0573D300F7954C /* Debug */,
				A21E01481A0573D300F7954C /* Release */,
			);
			defaultConfigurationIsVisible = 0;
		};
		A21E01491A0573D300F7954C /* Build configuration list for PBXNativeTarget "PostcardTests" */ = {
			isa = XCConfigurationList;
			buildConfigurations = (
				A21E014A1A0573D300F7954C /* Debug */,
				A21E014B1A0573D300F7954C /* Release */,
			);
			defaultConfigurationIsVisible = 0;
		};
/* End XCConfigurationList section */
	};
	rootObject = A21E011F1A0573D300F7954C /* Project object */;
}
